dependencies:
  espressif/esp_tinyusb:
    component_hash: fa0c96d7bdc3fe37383d735e2839a9007200a0b6bc039458d45d004b50146e81
    dependencies:
    - name: idf
      require: private
      version: '>=5.0'
    - name: espressif/tinyusb
      registry_url: https://components.espressif.com
      require: public
      version: '>=0.17.0~2'
    source:
      registry_url: https://components.espressif.com/
      type: service
    targets:
    - esp32s2
    - esp32s3
    - esp32p4
    - esp32h4
    version: 2.1.1
  espressif/tinyusb:
    component_hash: 5ea9d3b6d6b0734a0a0b3491967aa0e1bece2974132294dbda5dd2839b247bfa
    dependencies:
    - name: idf
      require: private
      version: '>=5.0'
    source:
      registry_url: https://components.espressif.com
      type: service
    targets:
    - esp32s2
    - esp32s3
    - esp32p4
    - esp32h4
    version: 0.19.0~2
  idf:
    source:
      type: idf
    version: 5.5.2
direct_dependencies:
- espressif/esp_tinyusb
- idf
manifest_hash: a9ee80ef34a36fb3ad18360b2d5d1d01b2e885c29e6d80e0a1adcef62b14c564
target: esp32s3
version: 2.0.0
